
Microsoft Visual Studio Solution File, Format Version 12.00
# Visual Studio Version 17
VisualStudioVersion = 17.0.32126.317
MinimumVisualStudioVersion = 10.0.40219.1
Project("{9A19103F-16F7-4668-BE54-9A1E7A4F7556}") = "MonicaBlazorUI", "MonicaBlazorUI.csproj", "{CC799E8E-3B85-4269-B5A9-0AB6C2C67C21}"
EndProject
Project("{FAE04EC0-301F-11D3-BF4B-00C04F79EFBC}") = "Capnp.Net.Runtime", "capnproto-dotnetcore\Capnp.Net.Runtime\Capnp.Net.Runtime.csproj", "{C2E8BAC3-7189-475F-90E6-EAB0DAC434C8}"
EndProject
Project("{FAE04EC0-301F-11D3-BF4B-00C04F79EFBC}") = "BlazorComponents", "mas_blazor_components\BlazorComponents.csproj", "{EC2E2197-6F93-4462-B1BB-68F43F0DA4EA}"
EndProject
Project("{FAE04EC0-301F-11D3-BF4B-00C04F79EFBC}") = "zalfmas_capnpschemas", "mas_capnproto_schemas\gen\csharp\zalfmas_capnpschemas.csproj", "{CDEE168A-98FE-468B-B390-000385874768}"
EndProject
Project("{FAE04EC0-301F-11D3-BF4B-00C04F79EFBC}") = "common", "mas_csharp_common\common.csproj", "{12C985AD-6513-4FD3-870D-5725EAD1FE8C}"
EndProject
Global
	GlobalSection(SolutionConfigurationPlatforms) = preSolution
		Debug|Any CPU = Debug|Any CPU
		Release|Any CPU = Release|Any CPU
	EndGlobalSection
	GlobalSection(ProjectConfigurationPlatforms) = postSolution
		{CC799E8E-3B85-4269-B5A9-0AB6C2C67C21}.Debug|Any CPU.ActiveCfg = Debug|Any CPU
		{CC799E8E-3B85-4269-B5A9-0AB6C2C67C21}.Debug|Any CPU.Build.0 = Debug|Any CPU
		{CC799E8E-3B85-4269-B5A9-0AB6C2C67C21}.Release|Any CPU.ActiveCfg = Release|Any CPU
		{CC799E8E-3B85-4269-B5A9-0AB6C2C67C21}.Release|Any CPU.Build.0 = Release|Any CPU
		{C2E8BAC3-7189-475F-90E6-EAB0DAC434C8}.Debug|Any CPU.ActiveCfg = Debug|Any CPU
		{C2E8BAC3-7189-475F-90E6-EAB0DAC434C8}.Debug|Any CPU.Build.0 = Debug|Any CPU
		{C2E8BAC3-7189-475F-90E6-EAB0DAC434C8}.Release|Any CPU.ActiveCfg = Release|Any CPU
		{C2E8BAC3-7189-475F-90E6-EAB0DAC434C8}.Release|Any CPU.Build.0 = Release|Any CPU
		{EC2E2197-6F93-4462-B1BB-68F43F0DA4EA}.Debug|Any CPU.ActiveCfg = Debug|Any CPU
		{EC2E2197-6F93-4462-B1BB-68F43F0DA4EA}.Debug|Any CPU.Build.0 = Debug|Any CPU
		{EC2E2197-6F93-4462-B1BB-68F43F0DA4EA}.Release|Any CPU.ActiveCfg = Release|Any CPU
		{EC2E2197-6F93-4462-B1BB-68F43F0DA4EA}.Release|Any CPU.Build.0 = Release|Any CPU
		{CDEE168A-98FE-468B-B390-000385874768}.Debug|Any CPU.ActiveCfg = Debug|Any CPU
		{CDEE168A-98FE-468B-B390-000385874768}.Debug|Any CPU.Build.0 = Debug|Any CPU
		{CDEE168A-98FE-468B-B390-000385874768}.Release|Any CPU.ActiveCfg = Release|Any CPU
		{CDEE168A-98FE-468B-B390-000385874768}.Release|Any CPU.Build.0 = Release|Any CPU
		{12C985AD-6513-4FD3-870D-5725EAD1FE8C}.Debug|Any CPU.ActiveCfg = Debug|Any CPU
		{12C985AD-6513-4FD3-870D-5725EAD1FE8C}.Debug|Any CPU.Build.0 = Debug|Any CPU
		{12C985AD-6513-4FD3-870D-5725EAD1FE8C}.Release|Any CPU.ActiveCfg = Release|Any CPU
		{12C985AD-6513-4FD3-870D-5725EAD1FE8C}.Release|Any CPU.Build.0 = Release|Any CPU
	EndGlobalSection
	GlobalSection(SolutionProperties) = preSolution
		HideSolutionNode = FALSE
	EndGlobalSection
	GlobalSection(ExtensibilityGlobals) = postSolution
		SolutionGuid = {B3F1216A-5981-441A-B513-B2BFD36710A9}
	EndGlobalSection
EndGlobal
